
Microsoft Visual Studio Solution File, Format Version 12.00
# Visual Studio 15
VisualStudioVersion = 15.0.28307.489
MinimumVisualStudioVersion = 10.0.40219.1
Project("{FAE04EC0-301F-11D3-BF4B-00C04F79EFBC}") = "四则运算", "四则运算\四则运算.csproj", "{3A1D7ED4-16B6-4CAF-965E-7D68CCF231C6}"
EndProject
Project("{FAE04EC0-301F-11D3-BF4B-00C04F79EFBC}") = "四则运算Tests", "四则运算Tests\四则运算Tests.csproj", "{76E4F7BF-B7B0-48CB-9B41-3592EEEAF887}"
EndProject
Global
	GlobalSection(SolutionConfigurationPlatforms) = preSolution
		Debug|Any CPU = Debug|Any CPU
		Debug|ARM = Debug|ARM
		Debug|ARM64 = Debug|ARM64
		Debug|x64 = Debug|x64
		Debug|x86 = Debug|x86
		Release|Any CPU = Release|Any CPU
		Release|ARM = Release|ARM
		Release|ARM64 = Release|ARM64
		Release|x64 = Release|x64
		Release|x86 = Release|x86
	EndGlobalSection
	GlobalSection(ProjectConfigurationPlatforms) = postSolution
		{3A1D7ED4-16B6-4CAF-965E-7D68CCF231C6}.Debug|Any CPU.ActiveCfg = Debug|Any CPU
		{3A1D7ED4-16B6-4CAF-965E-7D68CCF231C6}.Debug|Any CPU.Build.0 = Debug|Any CPU
		{3A1D7ED4-16B6-4CAF-965E-7D68CCF231C6}.Debug|ARM.ActiveCfg = Debug|Any CPU
		{3A1D7ED4-16B6-4CAF-965E-7D68CCF231C6}.Debug|ARM.Build.0 = Debug|Any CPU
		{3A1D7ED4-16B6-4CAF-965E-7D68CCF231C6}.Debug|ARM64.ActiveCfg = Debug|Any CPU
		{3A1D7ED4-16B6-4CAF-965E-7D68CCF231C6}.Debug|ARM64.Build.0 = Debug|Any CPU
		{3A1D7ED4-16B6-4CAF-965E-7D68CCF231C6}.Debug|x64.ActiveCfg = Debug|Any CPU
		{3A1D7ED4-16B6-4CAF-965E-7D68CCF231C6}.Debug|x64.Build.0 = Debug|Any CPU
		{3A1D7ED4-16B6-4CAF-965E-7D68CCF231C6}.Debug|x86.ActiveCfg = Debug|Any CPU
		{3A1D7ED4-16B6-4CAF-965E-7D68CCF231C6}.Debug|x86.Build.0 = Debug|Any CPU
		{3A1D7ED4-16B6-4CAF-965E-7D68CCF231C6}.Release|Any CPU.ActiveCfg = Release|Any CPU
		{3A1D7ED4-16B6-4CAF-965E-7D68CCF231C6}.Release|Any CPU.Build.0 = Release|Any CPU
		{3A1D7ED4-16B6-4CAF-965E-7D68CCF231C6}.Release|ARM.ActiveCfg = Release|Any CPU
		{3A1D7ED4-16B6-4CAF-965E-7D68CCF231C6}.Release|ARM.Build.0 = Release|Any CPU
		{3A1D7ED4-16B6-4CAF-965E-7D68CCF231C6}.Release|ARM64.ActiveCfg = Release|Any CPU
		{3A1D7ED4-16B6-4CAF-965E-7D68CCF231C6}.Release|ARM64.Build.0 = Release|Any CPU
		{3A1D7ED4-16B6-4CAF-965E-7D68CCF231C6}.Release|x64.ActiveCfg = Release|Any CPU
		{3A1D7ED4-16B6-4CAF-965E-7D68CCF231C6}.Release|x64.Build.0 = Release|Any CPU
		{3A1D7ED4-16B6-4CAF-965E-7D68CCF231C6}.Release|x86.ActiveCfg = Release|Any CPU
		{3A1D7ED4-16B6-4CAF-965E-7D68CCF231C6}.Release|x86.Build.0 = Release|Any CPU
		{76E4F7BF-B7B0-48CB-9B41-3592EEEAF887}.Debug|Any CPU.ActiveCfg = Debug|Any CPU
		{76E4F7BF-B7B0-48CB-9B41-3592EEEAF887}.Debug|Any CPU.Build.0 = Debug|Any CPU
		{76E4F7BF-B7B0-48CB-9B41-3592EEEAF887}.Debug|ARM.ActiveCfg = Debug|Any CPU
		{76E4F7BF-B7B0-48CB-9B41-3592EEEAF887}.Debug|ARM.Build.0 = Debug|Any CPU
		{76E4F7BF-B7B0-48CB-9B41-3592EEEAF887}.Debug|ARM64.ActiveCfg = Debug|Any CPU
		{76E4F7BF-B7B0-48CB-9B41-3592EEEAF887}.Debug|ARM64.Build.0 = Debug|Any CPU
		{76E4F7BF-B7B0-48CB-9B41-3592EEEAF887}.Debug|x64.ActiveCfg = Debug|Any CPU
		{76E4F7BF-B7B0-48CB-9B41-3592EEEAF887}.Debug|x64.Build.0 = Debug|Any CPU
		{76E4F7BF-B7B0-48CB-9B41-3592EEEAF887}.Debug|x86.ActiveCfg = Debug|Any CPU
		{76E4F7BF-B7B0-48CB-9B41-3592EEEAF887}.Debug|x86.Build.0 = Debug|Any CPU
		{76E4F7BF-B7B0-48CB-9B41-3592EEEAF887}.Release|Any CPU.ActiveCfg = Release|Any CPU
		{76E4F7BF-B7B0-48CB-9B41-3592EEEAF887}.Release|Any CPU.Build.0 = Release|Any CPU
		{76E4F7BF-B7B0-48CB-9B41-3592EEEAF887}.Release|ARM.ActiveCfg = Release|Any CPU
		{76E4F7BF-B7B0-48CB-9B41-3592EEEAF887}.Release|ARM.Build.0 = Release|Any CPU
		{76E4F7BF-B7B0-48CB-9B41-3592EEEAF887}.Release|ARM64.ActiveCfg = Release|Any CPU
		{76E4F7BF-B7B0-48CB-9B41-3592EEEAF887}.Release|ARM64.Build.0 = Release|Any CPU
		{76E4F7BF-B7B0-48CB-9B41-3592EEEAF887}.Release|x64.ActiveCfg = Release|Any CPU
		{76E4F7BF-B7B0-48CB-9B41-3592EEEAF887}.Release|x64.Build.0 = Release|Any CPU
		{76E4F7BF-B7B0-48CB-9B41-3592EEEAF887}.Release|x86.ActiveCfg = Release|Any CPU
		{76E4F7BF-B7B0-48CB-9B41-3592EEEAF887}.Release|x86.Build.0 = Release|Any CPU
	EndGlobalSection
	GlobalSection(SolutionProperties) = preSolution
		HideSolutionNode = FALSE
	EndGlobalSection
	GlobalSection(ExtensibilityGlobals) = postSolution
		SolutionGuid = {4B656EF1-707E-4716-8DCE-680EA677761B}
	EndGlobalSection
EndGlobal
